// !$*UTF8*$!
{
	archiveVersion = 1;
	classes = {
	};
	objectVersion = 46;
	objects = {

/* Begin PBXBuildFile section */
		2B0F8F9417B850B2003F4E68 /* CustomFacePaths.plist in Resources */ = {isa = PBXBuildFile; fileRef = 2B0F8F9317B850B2003F4E68 /* CustomFacePaths.plist */; };
		2B14668917D54C0500E7BB0E /* Media.xcassets in Resources */ = {isa = PBXBuildFile; fileRef = 2B14668817D54C0500E7BB0E /* Media.xcassets */; };
		2B1EBA5A1789002300A30B8B /* NewContainerViewController.m in Sources */ = {isa = PBXBuildFile; fileRef = 2B1EBA591789002300A30B8B /* NewContainerViewController.m */; };
		2B1EBA641789E4B700A30B8B /* UIColor+StickyFacesColors.m in Sources */ = {isa = PBXBuildFile; fileRef = 2B1EBA631789E4B700A30B8B /* UIColor+StickyFacesColors.m */; };
		2B2445CC17C4876C006D59EE /* NoFavoritesView.m in Sources */ = {isa = PBXBuildFile; fileRef = 2B2445CA17C4876C006D59EE /* NoFavoritesView.m */; };
		2B3C2FF316273DD90006C766 /* FaceCell.m in Sources */ = {isa = PBXBuildFile; fileRef = 2B3C2FF216273DD90006C766 /* FaceCell.m */; };
		2B3DD401163253190093EEA7 /* SMPageControl.m in Sources */ = {isa = PBXBuildFile; fileRef = 2B3DD3FF163253190093EEA7 /* SMPageControl.m */; };
		2B4D72EF177961E900B6057F /* ImagePreviewViewController.m in Sources */ = {isa = PBXBuildFile; fileRef = 2B4D72EE177961E900B6057F /* ImagePreviewViewController.m */; };
		2B4D72F31779650500B6057F /* goToImageViewSegue.m in Sources */ = {isa = PBXBuildFile; fileRef = 2B4D72F21779650500B6057F /* goToImageViewSegue.m */; };
		2B4D72F6177975F900B6057F /* FacePoint.m in Sources */ = {isa = PBXBuildFile; fileRef = 2B4D72F5177975F900B6057F /* FacePoint.m */; };
		2B4D72F91779763C00B6057F /* AVCamCaptureManager.m in Sources */ = {isa = PBXBuildFile; fileRef = 2B4D72F81779763B00B6057F /* AVCamCaptureManager.m */; };
		2B4D730B177A02F600B6057F /* OverlayView.m in Sources */ = {isa = PBXBuildFile; fileRef = 2B4D730A177A02F600B6057F /* OverlayView.m */; };
		2B4D7310177A067100B6057F /* CustomFacesViewController.m in Sources */ = {isa = PBXBuildFile; fileRef = 2B4D730F177A067100B6057F /* CustomFacesViewController.m */; };
		2B53A42217337A8D0091A74D /* PointsView.m in Sources */ = {isa = PBXBuildFile; fileRef = 2B53A41F17337A8D0091A74D /* PointsView.m */; };
		2B59E98217038A1600DA82AA /* UIImage+Resize.m in Sources */ = {isa = PBXBuildFile; fileRef = 2B59E98017038A1600DA82AA /* UIImage+Resize.m */; };
		2B65DBAA165865900024D2EA /* FavoritesViewController.m in Sources */ = {isa = PBXBuildFile; fileRef = 2B65DBA91658658F0024D2EA /* FavoritesViewController.m */; };
		2B67237E1710A3670062513B /* UIBezierPath-Points.m in Sources */ = {isa = PBXBuildFile; fileRef = 2B67237C1710A3660062513B /* UIBezierPath-Points.m */; };
		2B80185016AE0172001271FC /* iPhone5Storyboard.storyboard in Resources */ = {isa = PBXBuildFile; fileRef = 2B80184F16AE0172001271FC /* iPhone5Storyboard.storyboard */; };
		2B8CE0541609732A00EA5996 /* MainStoryboard.storyboard in Resources */ = {isa = PBXBuildFile; fileRef = 2B8CE0531609732A00EA5996 /* MainStoryboard.storyboard */; };
		2B8CE0581609752500EA5996 /* UIDevice+Resolutions.m in Sources */ = {isa = PBXBuildFile; fileRef = 2B8CE0571609752500EA5996 /* UIDevice+Resolutions.m */; };
		2B90B8B2167A6BC600AF0E1C /* DataModel.m in Sources */ = {isa = PBXBuildFile; fileRef = 2B90B8B1167A6BC600AF0E1C /* DataModel.m */; };
		2B9D172917AF03A5003B7B7E /* SIAlertView.bundle in Resources */ = {isa = PBXBuildFile; fileRef = 2B9D172617AF03A5003B7B7E /* SIAlertView.bundle */; };
		2B9D172A17AF03A5003B7B7E /* SIAlertView.m in Sources */ = {isa = PBXBuildFile; fileRef = 2B9D172817AF03A5003B7B7E /* SIAlertView.m */; };
		2BA22FD417AEC664005AD875 /* FlashCheckView.m in Sources */ = {isa = PBXBuildFile; fileRef = 2BA22FD317AEC664005AD875 /* FlashCheckView.m */; };
		2BA644EB14F3006A00292BFD /* UIKit.framework in Frameworks */ = {isa = PBXBuildFile; fileRef = 2BA644EA14F3006A00292BFD /* UIKit.framework */; };
		2BA644ED14F3006A00292BFD /* Foundation.framework in Frameworks */ = {isa = PBXBuildFile; fileRef = 2BA644EC14F3006A00292BFD /* Foundation.framework */; };
		2BA644EF14F3006A00292BFD /* CoreGraphics.framework in Frameworks */ = {isa = PBXBuildFile; fileRef = 2BA644EE14F3006A00292BFD /* CoreGraphics.framework */; };
		2BA644F514F3006A00292BFD /* InfoPlist.strings in Resources */ = {isa = PBXBuildFile; fileRef = 2BA644F314F3006A00292BFD /* InfoPlist.strings */; };
		2BA644F714F3006A00292BFD /* main.m in Sources */ = {isa = PBXBuildFile; fileRef = 2BA644F614F3006A00292BFD /* main.m */; };
		2BA644FB14F3006A00292BFD /* StickyFacesAppDelegate.m in Sources */ = {isa = PBXBuildFile; fileRef = 2BA644FA14F3006A00292BFD /* StickyFacesAppDelegate.m */; };
		2BA644FE14F3006A00292BFD /* StickyFacesViewController.m in Sources */ = {isa = PBXBuildFile; fileRef = 2BA644FD14F3006A00292BFD /* StickyFacesViewController.m */; };
		2BAB8BC117908B86009B8A67 /* TabButton.m in Sources */ = {isa = PBXBuildFile; fileRef = 2BAB8BC017908B86009B8A67 /* TabButton.m */; };
		2BAC73BD1781525E004D227F /* goBackToCameraView.m in Sources */ = {isa = PBXBuildFile; fileRef = 2BAC73BC1781525E004D227F /* goBackToCameraView.m */; };
		2BAE96FB1781FCDF002FCAB9 /* goBackToCustomFaces.m in Sources */ = {isa = PBXBuildFile; fileRef = 2BAE96FA1781FCDF002FCAB9 /* goBackToCustomFaces.m */; };
		2BB0B98D17A4DE04006D04B1 /* CustomDataModel.m in Sources */ = {isa = PBXBuildFile; fileRef = 2BB0B98C17A4DE03006D04B1 /* CustomDataModel.m */; };
		2BB2A4071672BAA1007AA1A7 /* SpringboardLayout.m in Sources */ = {isa = PBXBuildFile; fileRef = 2BB2A4061672BAA1007AA1A7 /* SpringboardLayout.m */; };
		2BB2A4121672D782007AA1A7 /* SpringBoardLayoutAttributes.m in Sources */ = {isa = PBXBuildFile; fileRef = 2BB2A4111672D781007AA1A7 /* SpringBoardLayoutAttributes.m */; };
		2BBAAD2617B2E8E90018FDA4 /* CoreVideo.framework in Frameworks */ = {isa = PBXBuildFile; fileRef = 2BBAAD2517B2E8E80018FDA4 /* CoreVideo.framework */; };
		2BBAAD2817B2E8EE0018FDA4 /* CoreMedia.framework in Frameworks */ = {isa = PBXBuildFile; fileRef = 2BBAAD2717B2E8EE0018FDA4 /* CoreMedia.framework */; };
		2BBAAD3617B340440018FDA4 /* CustomFaceCell.m in Sources */ = {isa = PBXBuildFile; fileRef = 2BBAAD3517B340440018FDA4 /* CustomFaceCell.m */; };
		2BBAAD3917B360640018FDA4 /* V9Layout.m in Sources */ = {isa = PBXBuildFile; fileRef = 2BBAAD3817B360630018FDA4 /* V9Layout.m */; };
		2BBDFBBD16460BAA00642533 /* QuartzCore.framework in Frameworks */ = {isa = PBXBuildFile; fileRef = 2BBDFBBC16460BAA00642533 /* QuartzCore.framework */; };
		2BD7617016E97FA900706600 /* ImageIO.framework in Frameworks */ = {isa = PBXBuildFile; fileRef = 2BD7616F16E97FA900706600 /* ImageIO.framework */; };
		2BD7617216E97FB400706600 /* AVFoundation.framework in Frameworks */ = {isa = PBXBuildFile; fileRef = 2BD7617116E97FB400706600 /* AVFoundation.framework */; };
		2BD7617916EA688A00706600 /* ConfirmViewController.m in Sources */ = {isa = PBXBuildFile; fileRef = 2BD7617816EA688A00706600 /* ConfirmViewController.m */; };
		2BDBEB52179EFF0700A756B5 /* goToEditViewSegue.m in Sources */ = {isa = PBXBuildFile; fileRef = 2BDBEB51179EFF0600A756B5 /* goToEditViewSegue.m */; };
		2BF2400117BD4C940047099D /* AddFaceCell.m in Sources */ = {isa = PBXBuildFile; fileRef = 2BF2400017BD4C940047099D /* AddFaceCell.m */; };
		2BF2400817BEBD580047099D /* NoFacesView.m in Sources */ = {isa = PBXBuildFile; fileRef = 2BF2400717BEBD580047099D /* NoFacesView.m */; };
		2BFF379616DC458300879DCF /* EditViewController.m in Sources */ = {isa = PBXBuildFile; fileRef = 2BFF379516DC458300879DCF /* EditViewController.m */; };
/* End PBXBuildFile section */

/* Begin PBXFileReference section */
		2B0F8F9317B850B2003F4E68 /* CustomFacePaths.plist */ = {isa = PBXFileReference; fileEncoding = 4; lastKnownFileType = text.plist.xml; path = CustomFacePaths.plist; sourceTree = "<group>"; };
		2B14668817D54C0500E7BB0E /* Media.xcassets */ = {isa = PBXFileReference; lastKnownFileType = folder.assetcatalog; path = Media.xcassets; sourceTree = "<group>"; };
		2B1EBA581789002300A30B8B /* NewContainerViewController.h */ = {isa = PBXFileReference; fileEncoding = 4; lastKnownFileType = sourcecode.c.h; path = NewContainerViewController.h; sourceTree = "<group>"; };
		2B1EBA591789002300A30B8B /* NewContainerViewController.m */ = {isa = PBXFileReference; fileEncoding = 4; lastKnownFileType = sourcecode.c.objc; path = NewContainerViewController.m; sourceTree = "<group>"; };
		2B1EBA621789E4B600A30B8B /* UIColor+StickyFacesColors.h */ = {isa = PBXFileReference; fileEncoding = 4; lastKnownFileType = sourcecode.c.h; path = "UIColor+StickyFacesColors.h"; sourceTree = "<group>"; };
		2B1EBA631789E4B700A30B8B /* UIColor+StickyFacesColors.m */ = {isa = PBXFileReference; fileEncoding = 4; lastKnownFileType = sourcecode.c.objc; path = "UIColor+StickyFacesColors.m"; sourceTree = "<group>"; };
		2B2445C917C4876C006D59EE /* NoFavoritesView.h */ = {isa = PBXFileReference; fileEncoding = 4; lastKnownFileType = sourcecode.c.h; path = NoFavoritesView.h; sourceTree = "<group>"; };
		2B2445CA17C4876C006D59EE /* NoFavoritesView.m */ = {isa = PBXFileReference; fileEncoding = 4; lastKnownFileType = sourcecode.c.objc; path = NoFavoritesView.m; sourceTree = "<group>"; };
		2B3C2FF116273DD90006C766 /* FaceCell.h */ = {isa = PBXFileReference; fileEncoding = 4; lastKnownFileType = sourcecode.c.h; path = FaceCell.h; sourceTree = "<group>"; };
		2B3C2FF216273DD90006C766 /* FaceCell.m */ = {isa = PBXFileReference; fileEncoding = 4; lastKnownFileType = sourcecode.c.objc; path = FaceCell.m; sourceTree = "<group>"; };
		2B3DD3FF163253190093EEA7 /* SMPageControl.m */ = {isa = PBXFileReference; fileEncoding = 4; lastKnownFileType = sourcecode.c.objc; path = SMPageControl.m; sourceTree = "<group>"; };
		2B3DD400163253190093EEA7 /* SMPageControl.h */ = {isa = PBXFileReference; fileEncoding = 4; lastKnownFileType = sourcecode.c.h; path = SMPageControl.h; sourceTree = "<group>"; };
		2B4D72ED177961E900B6057F /* ImagePreviewViewController.h */ = {isa = PBXFileReference; fileEncoding = 4; lastKnownFileType = sourcecode.c.h; path = ImagePreviewViewController.h; sourceTree = "<group>"; };
		2B4D72EE177961E900B6057F /* ImagePreviewViewController.m */ = {isa = PBXFileReference; fileEncoding = 4; lastKnownFileType = sourcecode.c.objc; path = ImagePreviewViewController.m; sourceTree = "<group>"; };
		2B4D72F11779650500B6057F /* goToImageViewSegue.h */ = {isa = PBXFileReference; fileEncoding = 4; lastKnownFileType = sourcecode.c.h; path = goToImageViewSegue.h; sourceTree = "<group>"; };
		2B4D72F21779650500B6057F /* goToImageViewSegue.m */ = {isa = PBXFileReference; fileEncoding = 4; lastKnownFileType = sourcecode.c.objc; path = goToImageViewSegue.m; sourceTree = "<group>"; };
		2B4D72F4177975F900B6057F /* FacePoint.h */ = {isa = PBXFileReference; fileEncoding = 4; lastKnownFileType = sourcecode.c.h; path = FacePoint.h; sourceTree = "<group>"; };
		2B4D72F5177975F900B6057F /* FacePoint.m */ = {isa = PBXFileReference; fileEncoding = 4; lastKnownFileType = sourcecode.c.objc; path = FacePoint.m; sourceTree = "<group>"; };
		2B4D72F71779763B00B6057F /* AVCamCaptureManager.h */ = {isa = PBXFileReference; fileEncoding = 4; lastKnownFileType = sourcecode.c.h; path = AVCamCaptureManager.h; sourceTree = "<group>"; };
		2B4D72F81779763B00B6057F /* AVCamCaptureManager.m */ = {isa = PBXFileReference; fileEncoding = 4; lastKnownFileType = sourcecode.c.objc; path = AVCamCaptureManager.m; sourceTree = "<group>"; };
		2B4D7309177A02F500B6057F /* OverlayView.h */ = {isa = PBXFileReference; fileEncoding = 4; lastKnownFileType = sourcecode.c.h; path = OverlayView.h; sourceTree = "<group>"; };
		2B4D730A177A02F600B6057F /* OverlayView.m */ = {isa = PBXFileReference; fileEncoding = 4; lastKnownFileType = sourcecode.c.objc; path = OverlayView.m; sourceTree = "<group>"; };
		2B4D730E177A067100B6057F /* CustomFacesViewController.h */ = {isa = PBXFileReference; fileEncoding = 4; lastKnownFileType = sourcecode.c.h; path = CustomFacesViewController.h; sourceTree = "<group>"; };
		2B4D730F177A067100B6057F /* CustomFacesViewController.m */ = {isa = PBXFileReference; fileEncoding = 4; lastKnownFileType = sourcecode.c.objc; path = CustomFacesViewController.m; sourceTree = "<group>"; };
		2B53A41E17337A8D0091A74D /* PointsView.h */ = {isa = PBXFileReference; fileEncoding = 4; lastKnownFileType = sourcecode.c.h; path = PointsView.h; sourceTree = "<group>"; };
		2B53A41F17337A8D0091A74D /* PointsView.m */ = {isa = PBXFileReference; fileEncoding = 4; lastKnownFileType = sourcecode.c.objc; path = PointsView.m; sourceTree = "<group>"; };
		2B59E98017038A1600DA82AA /* UIImage+Resize.m */ = {isa = PBXFileReference; fileEncoding = 4; lastKnownFileType = sourcecode.c.objc; path = "UIImage+Resize.m"; sourceTree = "<group>"; };
		2B59E98117038A1600DA82AA /* UIImage+Resize.h */ = {isa = PBXFileReference; fileEncoding = 4; lastKnownFileType = sourcecode.c.h; path = "UIImage+Resize.h"; sourceTree = "<group>"; };
		2B65DBA81658658F0024D2EA /* FavoritesViewController.h */ = {isa = PBXFileReference; fileEncoding = 4; lastKnownFileType = sourcecode.c.h; path = FavoritesViewController.h; sourceTree = "<group>"; };
		2B65DBA91658658F0024D2EA /* FavoritesViewController.m */ = {isa = PBXFileReference; fileEncoding = 4; lastKnownFileType = sourcecode.c.objc; path = FavoritesViewController.m; sourceTree = "<group>"; };
		2B67237C1710A3660062513B /* UIBezierPath-Points.m */ = {isa = PBXFileReference; fileEncoding = 4; lastKnownFileType = sourcecode.c.objc; path = "UIBezierPath-Points.m"; sourceTree = "<group>"; };
		2B67237D1710A3670062513B /* UIBezierPath-Points.h */ = {isa = PBXFileReference; fileEncoding = 4; lastKnownFileType = sourcecode.c.h; path = "UIBezierPath-Points.h"; sourceTree = "<group>"; };
		2B80184F16AE0172001271FC /* iPhone5Storyboard.storyboard */ = {isa = PBXFileReference; fileEncoding = 4; lastKnownFileType = file.storyboard; path = iPhone5Storyboard.storyboard; sourceTree = "<group>"; };
		2B8CE0531609732A00EA5996 /* MainStoryboard.storyboard */ = {isa = PBXFileReference; fileEncoding = 4; lastKnownFileType = file.storyboard; path = MainStoryboard.storyboard; sourceTree = "<group>"; };
		2B8CE0561609752500EA5996 /* UIDevice+Resolutions.h */ = {isa = PBXFileReference; fileEncoding = 4; lastKnownFileType = sourcecode.c.h; path = "UIDevice+Resolutions.h"; sourceTree = "<group>"; };
		2B8CE0571609752500EA5996 /* UIDevice+Resolutions.m */ = {isa = PBXFileReference; fileEncoding = 4; lastKnownFileType = sourcecode.c.objc; path = "UIDevice+Resolutions.m"; sourceTree = "<group>"; };
		2B90B8B0167A6BC600AF0E1C /* DataModel.h */ = {isa = PBXFileReference; fileEncoding = 4; lastKnownFileType = sourcecode.c.h; path = DataModel.h; sourceTree = "<group>"; };
		2B90B8B1167A6BC600AF0E1C /* DataModel.m */ = {isa = PBXFileReference; fileEncoding = 4; lastKnownFileType = sourcecode.c.objc; path = DataModel.m; sourceTree = "<group>"; };
		2B9D172617AF03A5003B7B7E /* SIAlertView.bundle */ = {isa = PBXFileReference; lastKnownFileType = "wrapper.plug-in"; path = SIAlertView.bundle; sourceTree = "<group>"; };
		2B9D172717AF03A5003B7B7E /* SIAlertView.h */ = {isa = PBXFileReference; fileEncoding = 4; lastKnownFileType = sourcecode.c.h; path = SIAlertView.h; sourceTree = "<group>"; };
		2B9D172817AF03A5003B7B7E /* SIAlertView.m */ = {isa = PBXFileReference; fileEncoding = 4; lastKnownFileType = sourcecode.c.objc; path = SIAlertView.m; sourceTree = "<group>"; };
		2BA22FD217AEC664005AD875 /* FlashCheckView.h */ = {isa = PBXFileReference; fileEncoding = 4; lastKnownFileType = sourcecode.c.h; path = FlashCheckView.h; sourceTree = "<group>"; };
		2BA22FD317AEC664005AD875 /* FlashCheckView.m */ = {isa = PBXFileReference; fileEncoding = 4; lastKnownFileType = sourcecode.c.objc; path = FlashCheckView.m; sourceTree = "<group>"; };
		2BA644E614F3006A00292BFD /* StickyFaces.app */ = {isa = PBXFileReference; explicitFileType = wrapper.application; includeInIndex = 0; path = StickyFaces.app; sourceTree = BUILT_PRODUCTS_DIR; };
		2BA644EA14F3006A00292BFD /* UIKit.framework */ = {isa = PBXFileReference; lastKnownFileType = wrapper.framework; name = UIKit.framework; path = System/Library/Frameworks/UIKit.framework; sourceTree = SDKROOT; };
		2BA644EC14F3006A00292BFD /* Foundation.framework */ = {isa = PBXFileReference; lastKnownFileType = wrapper.framework; name = Foundation.framework; path = System/Library/Frameworks/Foundation.framework; sourceTree = SDKROOT; };
		2BA644EE14F3006A00292BFD /* CoreGraphics.framework */ = {isa = PBXFileReference; lastKnownFileType = wrapper.framework; name = CoreGraphics.framework; path = System/Library/Frameworks/CoreGraphics.framework; sourceTree = SDKROOT; };
		2BA644F214F3006A00292BFD /* StickyFaces-Info.plist */ = {isa = PBXFileReference; lastKnownFileType = text.plist.xml; path = "StickyFaces-Info.plist"; sourceTree = "<group>"; };
		2BA644F414F3006A00292BFD /* en */ = {isa = PBXFileReference; lastKnownFileType = text.plist.strings; name = en; path = en.lproj/InfoPlist.strings; sourceTree = "<group>"; };
		2BA644F614F3006A00292BFD /* main.m */ = {isa = PBXFileReference; lastKnownFileType = sourcecode.c.objc; path = main.m; sourceTree = "<group>"; };
		2BA644F814F3006A00292BFD /* StickyFaces-Prefix.pch */ = {isa = PBXFileReference; lastKnownFileType = sourcecode.c.h; path = "StickyFaces-Prefix.pch"; sourceTree = "<group>"; };
		2BA644F914F3006A00292BFD /* StickyFacesAppDelegate.h */ = {isa = PBXFileReference; lastKnownFileType = sourcecode.c.h; path = StickyFacesAppDelegate.h; sourceTree = "<group>"; };
		2BA644FA14F3006A00292BFD /* StickyFacesAppDelegate.m */ = {isa = PBXFileReference; lastKnownFileType = sourcecode.c.objc; path = StickyFacesAppDelegate.m; sourceTree = "<group>"; };
		2BA644FC14F3006A00292BFD /* StickyFacesViewController.h */ = {isa = PBXFileReference; lastKnownFileType = sourcecode.c.h; path = StickyFacesViewController.h; sourceTree = "<group>"; };
		2BA644FD14F3006A00292BFD /* StickyFacesViewController.m */ = {isa = PBXFileReference; lastKnownFileType = sourcecode.c.objc; path = StickyFacesViewController.m; sourceTree = "<group>"; };
		2BAB8BBF17908B86009B8A67 /* TabButton.h */ = {isa = PBXFileReference; fileEncoding = 4; lastKnownFileType = sourcecode.c.h; path = TabButton.h; sourceTree = "<group>"; };
		2BAB8BC017908B86009B8A67 /* TabButton.m */ = {isa = PBXFileReference; fileEncoding = 4; lastKnownFileType = sourcecode.c.objc; path = TabButton.m; sourceTree = "<group>"; };
		2BAC73BB1781525E004D227F /* goBackToCameraView.h */ = {isa = PBXFileReference; fileEncoding = 4; lastKnownFileType = sourcecode.c.h; path = goBackToCameraView.h; sourceTree = "<group>"; };
		2BAC73BC1781525E004D227F /* goBackToCameraView.m */ = {isa = PBXFileReference; fileEncoding = 4; lastKnownFileType = sourcecode.c.objc; path = goBackToCameraView.m; sourceTree = "<group>"; };
		2BAE96F91781FCDF002FCAB9 /* goBackToCustomFaces.h */ = {isa = PBXFileReference; fileEncoding = 4; lastKnownFileType = sourcecode.c.h; path = goBackToCustomFaces.h; sourceTree = "<group>"; };
		2BAE96FA1781FCDF002FCAB9 /* goBackToCustomFaces.m */ = {isa = PBXFileReference; fileEncoding = 4; lastKnownFileType = sourcecode.c.objc; path = goBackToCustomFaces.m; sourceTree = "<group>"; };
		2BB0B98B17A4DE03006D04B1 /* CustomDataModel.h */ = {isa = PBXFileReference; fileEncoding = 4; lastKnownFileType = sourcecode.c.h; path = CustomDataModel.h; sourceTree = "<group>"; };
		2BB0B98C17A4DE03006D04B1 /* CustomDataModel.m */ = {isa = PBXFileReference; fileEncoding = 4; lastKnownFileType = sourcecode.c.objc; path = CustomDataModel.m; sourceTree = "<group>"; };
		2BB2A4051672BAA1007AA1A7 /* SpringboardLayout.h */ = {isa = PBXFileReference; fileEncoding = 4; lastKnownFileType = sourcecode.c.h; path = SpringboardLayout.h; sourceTree = "<group>"; };
		2BB2A4061672BAA1007AA1A7 /* SpringboardLayout.m */ = {isa = PBXFileReference; fileEncoding = 4; lastKnownFileType = sourcecode.c.objc; path = SpringboardLayout.m; sourceTree = "<group>"; };
		2BB2A4101672D781007AA1A7 /* SpringBoardLayoutAttributes.h */ = {isa = PBXFileReference; fileEncoding = 4; lastKnownFileType = sourcecode.c.h; path = SpringBoardLayoutAttributes.h; sourceTree = "<group>"; };
		2BB2A4111672D781007AA1A7 /* SpringBoardLayoutAttributes.m */ = {isa = PBXFileReference; fileEncoding = 4; lastKnownFileType = sourcecode.c.objc; path = SpringBoardLayoutAttributes.m; sourceTree = "<group>"; };
		2BBAAD2517B2E8E80018FDA4 /* CoreVideo.framework */ = {isa = PBXFileReference; lastKnownFileType = wrapper.framework; name = CoreVideo.framework; path = System/Library/Frameworks/CoreVideo.framework; sourceTree = SDKROOT; };
		2BBAAD2717B2E8EE0018FDA4 /* CoreMedia.framework */ = {isa = PBXFileReference; lastKnownFileType = wrapper.framework; name = CoreMedia.framework; path = System/Library/Frameworks/CoreMedia.framework; sourceTree = SDKROOT; };
		2BBAAD3417B340440018FDA4 /* CustomFaceCell.h */ = {isa = PBXFileReference; fileEncoding = 4; lastKnownFileType = sourcecode.c.h; path = CustomFaceCell.h; sourceTree = "<group>"; };
		2BBAAD3517B340440018FDA4 /* CustomFaceCell.m */ = {isa = PBXFileReference; fileEncoding = 4; lastKnownFileType = sourcecode.c.objc; path = CustomFaceCell.m; sourceTree = "<group>"; };
		2BBAAD3717B360630018FDA4 /* V9Layout.h */ = {isa = PBXFileReference; fileEncoding = 4; lastKnownFileType = sourcecode.c.h; path = V9Layout.h; sourceTree = "<group>"; };
		2BBAAD3817B360630018FDA4 /* V9Layout.m */ = {isa = PBXFileReference; fileEncoding = 4; lastKnownFileType = sourcecode.c.objc; path = V9Layout.m; sourceTree = "<group>"; };
		2BBDFBBC16460BAA00642533 /* QuartzCore.framework */ = {isa = PBXFileReference; lastKnownFileType = wrapper.framework; name = QuartzCore.framework; path = System/Library/Frameworks/QuartzCore.framework; sourceTree = SDKROOT; };
		2BD7616F16E97FA900706600 /* ImageIO.framework */ = {isa = PBXFileReference; lastKnownFileType = wrapper.framework; name = ImageIO.framework; path = System/Library/Frameworks/ImageIO.framework; sourceTree = SDKROOT; };
		2BD7617116E97FB400706600 /* AVFoundation.framework */ = {isa = PBXFileReference; lastKnownFileType = wrapper.framework; name = AVFoundation.framework; path = System/Library/Frameworks/AVFoundation.framework; sourceTree = SDKROOT; };
		2BD7617716EA688900706600 /* ConfirmViewController.h */ = {isa = PBXFileReference; fileEncoding = 4; lastKnownFileType = sourcecode.c.h; path = ConfirmViewController.h; sourceTree = "<group>"; };
		2BD7617816EA688A00706600 /* ConfirmViewController.m */ = {isa = PBXFileReference; fileEncoding = 4; lastKnownFileType = sourcecode.c.objc; path = ConfirmViewController.m; sourceTree = "<group>"; };
		2BDBEB50179EFF0500A756B5 /* goToEditViewSegue.h */ = {isa = PBXFileReference; fileEncoding = 4; lastKnownFileType = sourcecode.c.h; path = goToEditViewSegue.h; sourceTree = "<group>"; };
		2BDBEB51179EFF0600A756B5 /* goToEditViewSegue.m */ = {isa = PBXFileReference; fileEncoding = 4; lastKnownFileType = sourcecode.c.objc; path = goToEditViewSegue.m; sourceTree = "<group>"; };
		2BF23FFF17BD4C940047099D /* AddFaceCell.h */ = {isa = PBXFileReference; fileEncoding = 4; lastKnownFileType = sourcecode.c.h; path = AddFaceCell.h; sourceTree = "<group>"; };
		2BF2400017BD4C940047099D /* AddFaceCell.m */ = {isa = PBXFileReference; fileEncoding = 4; lastKnownFileType = sourcecode.c.objc; path = AddFaceCell.m; sourceTree = "<group>"; };
		2BF2400617BEBD580047099D /* NoFacesView.h */ = {isa = PBXFileReference; fileEncoding = 4; lastKnownFileType = sourcecode.c.h; path = NoFacesView.h; sourceTree = "<group>"; };
		2BF2400717BEBD580047099D /* NoFacesView.m */ = {isa = PBXFileReference; fileEncoding = 4; lastKnownFileType = sourcecode.c.objc; path = NoFacesView.m; sourceTree = "<group>"; };
		2BFF379416DC458200879DCF /* EditViewController.h */ = {isa = PBXFileReference; fileEncoding = 4; lastKnownFileType = sourcecode.c.h; path = EditViewController.h; sourceTree = "<group>"; };
		2BFF379516DC458300879DCF /* EditViewController.m */ = {isa = PBXFileReference; fileEncoding = 4; lastKnownFileType = sourcecode.c.objc; path = EditViewController.m; sourceTree = "<group>"; };
/* End PBXFileReference section */

/* Begin PBXFrameworksBuildPhase section */
		2BA644E314F3006A00292BFD /* Frameworks */ = {
			isa = PBXFrameworksBuildPhase;
			buildActionMask = 2147483647;
			files = (
				2BBAAD2817B2E8EE0018FDA4 /* CoreMedia.framework in Frameworks */,
				2BBAAD2617B2E8E90018FDA4 /* CoreVideo.framework in Frameworks */,
				2BD7617216E97FB400706600 /* AVFoundation.framework in Frameworks */,
				2BD7617016E97FA900706600 /* ImageIO.framework in Frameworks */,
				2BBDFBBD16460BAA00642533 /* QuartzCore.framework in Frameworks */,
				2BA644EB14F3006A00292BFD /* UIKit.framework in Frameworks */,
				2BA644ED14F3006A00292BFD /* Foundation.framework in Frameworks */,
				2BA644EF14F3006A00292BFD /* CoreGraphics.framework in Frameworks */,
			);
			runOnlyForDeploymentPostprocessing = 0;
		};
/* End PBXFrameworksBuildPhase section */

/* Begin PBXGroup section */
		2B49D8BF1785032D008AB361 /* ContainerViewController  */ = {
			isa = PBXGroup;
			children = (
				2B1EBA581789002300A30B8B /* NewContainerViewController.h */,
				2B1EBA591789002300A30B8B /* NewContainerViewController.m */,
			);
			name = "ContainerViewController ";
			sourceTree = "<group>";
		};
		2B4D72F0177964E900B6057F /* Segue Classes */ = {
			isa = PBXGroup;
			children = (
				2B4D72F11779650500B6057F /* goToImageViewSegue.h */,
				2B4D72F21779650500B6057F /* goToImageViewSegue.m */,
				2BDBEB50179EFF0500A756B5 /* goToEditViewSegue.h */,
				2BDBEB51179EFF0600A756B5 /* goToEditViewSegue.m */,
				2BAC73BB1781525E004D227F /* goBackToCameraView.h */,
				2BAC73BC1781525E004D227F /* goBackToCameraView.m */,
				2BAE96F91781FCDF002FCAB9 /* goBackToCustomFaces.h */,
				2BAE96FA1781FCDF002FCAB9 /* goBackToCustomFaces.m */,
			);
			name = "Segue Classes";
			sourceTree = "<group>";
		};
		2B8C3ED4169141F400D6B90A /* Categories */ = {
			isa = PBXGroup;
			children = (
				2B1EBA621789E4B600A30B8B /* UIColor+StickyFacesColors.h */,
				2B1EBA631789E4B700A30B8B /* UIColor+StickyFacesColors.m */,
				2B67237C1710A3660062513B /* UIBezierPath-Points.m */,
				2B67237D1710A3670062513B /* UIBezierPath-Points.h */,
				2B59E98017038A1600DA82AA /* UIImage+Resize.m */,
				2B59E98117038A1600DA82AA /* UIImage+Resize.h */,
				2B8CE0561609752500EA5996 /* UIDevice+Resolutions.h */,
				2B8CE0571609752500EA5996 /* UIDevice+Resolutions.m */,
			);
			name = Categories;
			sourceTree = "<group>";
		};
		2B8C3ED51691423500D6B90A /* User Interfaces */ = {
			isa = PBXGroup;
			children = (
				2B80184F16AE0172001271FC /* iPhone5Storyboard.storyboard */,
				2B8CE0531609732A00EA5996 /* MainStoryboard.storyboard */,
			);
			name = "User Interfaces";
			sourceTree = "<group>";
		};
		2B9D172517AF03A5003B7B7E /* SIAlertView */ = {
			isa = PBXGroup;
			children = (
				2B9D172617AF03A5003B7B7E /* SIAlertView.bundle */,
				2B9D172717AF03A5003B7B7E /* SIAlertView.h */,
				2B9D172817AF03A5003B7B7E /* SIAlertView.m */,
			);
			path = SIAlertView;
			sourceTree = "<group>";
		};
		2BA644DB14F3006A00292BFD = {
			isa = PBXGroup;
			children = (
				2BA644F014F3006A00292BFD /* StickyFaces */,
				2BA644E914F3006A00292BFD /* Frameworks */,
				2BA644E714F3006A00292BFD /* Products */,
			);
			sourceTree = "<group>";
		};
		2BA644E714F3006A00292BFD /* Products */ = {
			isa = PBXGroup;
			children = (
				2BA644E614F3006A00292BFD /* StickyFaces.app */,
			);
			name = Products;
			sourceTree = "<group>";
		};
		2BA644E914F3006A00292BFD /* Frameworks */ = {
			isa = PBXGroup;
			children = (
				2BBAAD2717B2E8EE0018FDA4 /* CoreMedia.framework */,
				2BBAAD2517B2E8E80018FDA4 /* CoreVideo.framework */,
				2BD7617116E97FB400706600 /* AVFoundation.framework */,
				2BD7616F16E97FA900706600 /* ImageIO.framework */,
				2BBDFBBC16460BAA00642533 /* QuartzCore.framework */,
				2BA644EA14F3006A00292BFD /* UIKit.framework */,
				2BA644EC14F3006A00292BFD /* Foundation.framework */,
				2BA644EE14F3006A00292BFD /* CoreGraphics.framework */,
			);
			name = Frameworks;
			sourceTree = "<group>";
		};
		2BA644F014F3006A00292BFD /* StickyFaces */ = {
			isa = PBXGroup;
			children = (
				2BA644F914F3006A00292BFD /* StickyFacesAppDelegate.h */,
				2BA644FA14F3006A00292BFD /* StickyFacesAppDelegate.m */,
				2B4D72F71779763B00B6057F /* AVCamCaptureManager.h */,
				2B4D72F81779763B00B6057F /* AVCamCaptureManager.m */,
				2BBAAD2217B2E6F00018FDA4 /* Views */,
				2BBAAD2117B2E6E50018FDA4 /* View Controllers */,
				2BBAAD2017B2E6DD0018FDA4 /* Model */,
				2BF61A9016D0933000DBFDE4 /* CollectionView Classes */,
				2B8C3ED51691423500D6B90A /* User Interfaces */,
				2B4D72F0177964E900B6057F /* Segue Classes */,
				2B8C3ED4169141F400D6B90A /* Categories */,
				2BA644F114F3006A00292BFD /* Supporting Files */,
			);
			path = StickyFaces;
			sourceTree = "<group>";
		};
		2BA644F114F3006A00292BFD /* Supporting Files */ = {
			isa = PBXGroup;
			children = (
				2B14668817D54C0500E7BB0E /* Media.xcassets */,
				2BA644F214F3006A00292BFD /* StickyFaces-Info.plist */,
				2B0F8F9317B850B2003F4E68 /* CustomFacePaths.plist */,
				2BA644F314F3006A00292BFD /* InfoPlist.strings */,
				2BA644F614F3006A00292BFD /* main.m */,
				2BA644F814F3006A00292BFD /* StickyFaces-Prefix.pch */,
			);
			name = "Supporting Files";
			sourceTree = "<group>";
		};
		2BBAAD2017B2E6DD0018FDA4 /* Model */ = {
			isa = PBXGroup;
			children = (
				2B90B8B0167A6BC600AF0E1C /* DataModel.h */,
				2B90B8B1167A6BC600AF0E1C /* DataModel.m */,
				2BB0B98B17A4DE03006D04B1 /* CustomDataModel.h */,
				2BB0B98C17A4DE03006D04B1 /* CustomDataModel.m */,
			);
			name = Model;
			sourceTree = "<group>";
		};
		2BBAAD2117B2E6E50018FDA4 /* View Controllers */ = {
			isa = PBXGroup;
			children = (
				2BBAAD3217B2EBEA0018FDA4 /* ConfirmCropScreenViewController */,
				2BBAAD3117B2EBD20018FDA4 /* CropScreenViewController */,
				2BBAAD3017B2EBC20018FDA4 /* CameraScreenViewController */,
				2BBAAD2F17B2EB670018FDA4 /* CustomFacesViewController */,
				2BBAAD2E17B2EB5E0018FDA4 /* FavoritesViewController */,
				2BBAAD2D17B2EB270018FDA4 /* CatalogViewController */,
				2B49D8BF1785032D008AB361 /* ContainerViewController  */,
			);
			name = "View Controllers";
			sourceTree = "<group>";
		};
		2BBAAD2217B2E6F00018FDA4 /* Views */ = {
			isa = PBXGroup;
			children = (
				2BBAAD3317B2EC9E0018FDA4 /* Face Cutout Classes */,
				2BBAAD2C17B2EA340018FDA4 /* Alert Views */,
				2B3DD3FF163253190093EEA7 /* SMPageControl.m */,
				2B3DD400163253190093EEA7 /* SMPageControl.h */,
				2BAB8BBF17908B86009B8A67 /* TabButton.h */,
				2BAB8BC017908B86009B8A67 /* TabButton.m */,
				2BF2400617BEBD580047099D /* NoFacesView.h */,
				2BF2400717BEBD580047099D /* NoFacesView.m */,
				2B2445C917C4876C006D59EE /* NoFavoritesView.h */,
				2B2445CA17C4876C006D59EE /* NoFavoritesView.m */,
			);
			name = Views;
			sourceTree = "<group>";
		};
		2BBAAD2C17B2EA340018FDA4 /* Alert Views */ = {
			isa = PBXGroup;
			children = (
				2BA22FD217AEC664005AD875 /* FlashCheckView.h */,
				2BA22FD317AEC664005AD875 /* FlashCheckView.m */,
				2B9D172517AF03A5003B7B7E /* SIAlertView */,
			);
			name = "Alert Views";
			sourceTree = "<group>";
		};
		2BBAAD2D17B2EB270018FDA4 /* CatalogViewController */ = {
			isa = PBXGroup;
			children = (
				2BA644FC14F3006A00292BFD /* StickyFacesViewController.h */,
				2BA644FD14F3006A00292BFD /* StickyFacesViewController.m */,
			);
			name = CatalogViewController;
			sourceTree = "<group>";
		};
		2BBAAD2E17B2EB5E0018FDA4 /* FavoritesViewController */ = {
			isa = PBXGroup;
			children = (
				2B65DBA81658658F0024D2EA /* FavoritesViewController.h */,
				2B65DBA91658658F0024D2EA /* FavoritesViewController.m */,
			);
			name = FavoritesViewController;
			sourceTree = "<group>";
		};
		2BBAAD2F17B2EB670018FDA4 /* CustomFacesViewController */ = {
			isa = PBXGroup;
			children = (
				2B4D730E177A067100B6057F /* CustomFacesViewController.h */,
				2B4D730F177A067100B6057F /* CustomFacesViewController.m */,
			);
			name = CustomFacesViewController;
			sourceTree = "<group>";
		};
		2BBAAD3017B2EBC20018FDA4 /* CameraScreenViewController */ = {
			isa = PBXGroup;
			children = (
				2BD7617716EA688900706600 /* ConfirmViewController.h */,
				2BD7617816EA688A00706600 /* ConfirmViewController.m */,
			);
			name = CameraScreenViewController;
			sourceTree = "<group>";
		};
		2BBAAD3117B2EBD20018FDA4 /* CropScreenViewController */ = {
			isa = PBXGroup;
			children = (
				2B4D72ED177961E900B6057F /* ImagePreviewViewController.h */,
				2B4D72EE177961E900B6057F /* ImagePreviewViewController.m */,
			);
			name = CropScreenViewController;
			sourceTree = "<group>";
		};
		2BBAAD3217B2EBEA0018FDA4 /* ConfirmCropScreenViewController */ = {
			isa = PBXGroup;
			children = (
				2BFF379416DC458200879DCF /* EditViewController.h */,
				2BFF379516DC458300879DCF /* EditViewController.m */,
			);
			name = ConfirmCropScreenViewController;
			sourceTree = "<group>";
		};
		2BBAAD3317B2EC9E0018FDA4 /* Face Cutout Classes */ = {
			isa = PBXGroup;
			children = (
				2B4D7309177A02F500B6057F /* OverlayView.h */,
				2B4D730A177A02F600B6057F /* OverlayView.m */,
				2B53A41E17337A8D0091A74D /* PointsView.h */,
				2B53A41F17337A8D0091A74D /* PointsView.m */,
				2B4D72F4177975F900B6057F /* FacePoint.h */,
				2B4D72F5177975F900B6057F /* FacePoint.m */,
			);
			name = "Face Cutout Classes";
			sourceTree = "<group>";
		};
		2BF61A9016D0933000DBFDE4 /* CollectionView Classes */ = {
			isa = PBXGroup;
			children = (
				2BBAAD3717B360630018FDA4 /* V9Layout.h */,
				2BBAAD3817B360630018FDA4 /* V9Layout.m */,
				2B3C2FF116273DD90006C766 /* FaceCell.h */,
				2B3C2FF216273DD90006C766 /* FaceCell.m */,
				2BB2A4051672BAA1007AA1A7 /* SpringboardLayout.h */,
				2BB2A4061672BAA1007AA1A7 /* SpringboardLayout.m */,
				2BB2A4101672D781007AA1A7 /* SpringBoardLayoutAttributes.h */,
				2BB2A4111672D781007AA1A7 /* SpringBoardLayoutAttributes.m */,
				2BBAAD3417B340440018FDA4 /* CustomFaceCell.h */,
				2BBAAD3517B340440018FDA4 /* CustomFaceCell.m */,
				2BF23FFF17BD4C940047099D /* AddFaceCell.h */,
				2BF2400017BD4C940047099D /* AddFaceCell.m */,
			);
			name = "CollectionView Classes";
			sourceTree = "<group>";
		};
/* End PBXGroup section */

/* Begin PBXNativeTarget section */
		2BA644E514F3006A00292BFD /* StickyFaces */ = {
			isa = PBXNativeTarget;
			buildConfigurationList = 2BA6450414F3006A00292BFD /* Build configuration list for PBXNativeTarget "StickyFaces" */;
			buildPhases = (
				2BA644E214F3006A00292BFD /* Sources */,
				2BA644E314F3006A00292BFD /* Frameworks */,
				2BA644E414F3006A00292BFD /* Resources */,
			);
			buildRules = (
			);
			dependencies = (
			);
			name = StickyFaces;
			productName = StickyFaces;
			productReference = 2BA644E614F3006A00292BFD /* StickyFaces.app */;
			productType = "com.apple.product-type.application";
		};
/* End PBXNativeTarget section */

/* Begin PBXProject section */
		2BA644DD14F3006A00292BFD /* Project object */ = {
			isa = PBXProject;
			attributes = {
				LastUpgradeCheck = 0460;
			};
			buildConfigurationList = 2BA644E014F3006A00292BFD /* Build configuration list for PBXProject "StickyFaces" */;
			compatibilityVersion = "Xcode 3.2";
			developmentRegion = English;
			hasScannedForEncodings = 0;
			knownRegions = (
				en,
			);
			mainGroup = 2BA644DB14F3006A00292BFD;
			productRefGroup = 2BA644E714F3006A00292BFD /* Products */;
			projectDirPath = "";
			projectRoot = "";
			targets = (
				2BA644E514F3006A00292BFD /* StickyFaces */,
			);
		};
/* End PBXProject section */

/* Begin PBXResourcesBuildPhase section */
		2BA644E414F3006A00292BFD /* Resources */ = {
			isa = PBXResourcesBuildPhase;
			buildActionMask = 2147483647;
			files = (
				2BA644F514F3006A00292BFD /* InfoPlist.strings in Resources */,
				2B8CE0541609732A00EA5996 /* MainStoryboard.storyboard in Resources */,
				2B80185016AE0172001271FC /* iPhone5Storyboard.storyboard in Resources */,
				2B14668917D54C0500E7BB0E /* Media.xcassets in Resources */,
				2B9D172917AF03A5003B7B7E /* SIAlertView.bundle in Resources */,
				2B0F8F9417B850B2003F4E68 /* CustomFacePaths.plist in Resources */,
			);
			runOnlyForDeploymentPostprocessing = 0;
		};
/* End PBXResourcesBuildPhase section */

/* Begin PBXSourcesBuildPhase section */
		2BA644E214F3006A00292BFD /* Sources */ = {
			isa = PBXSourcesBuildPhase;
			buildActionMask = 2147483647;
			files = (
				2BA644F714F3006A00292BFD /* main.m in Sources */,
				2BA644FB14F3006A00292BFD /* StickyFacesAppDelegate.m in Sources */,
				2BA644FE14F3006A00292BFD /* StickyFacesViewController.m in Sources */,
				2B8CE0581609752500EA5996 /* UIDevice+Resolutions.m in Sources */,
				2B3C2FF316273DD90006C766 /* FaceCell.m in Sources */,
				2B3DD401163253190093EEA7 /* SMPageControl.m in Sources */,
				2B65DBAA165865900024D2EA /* FavoritesViewController.m in Sources */,
				2BB2A4071672BAA1007AA1A7 /* SpringboardLayout.m in Sources */,
				2BB2A4121672D782007AA1A7 /* SpringBoardLayoutAttributes.m in Sources */,
				2B90B8B2167A6BC600AF0E1C /* DataModel.m in Sources */,
				2BFF379616DC458300879DCF /* EditViewController.m in Sources */,
				2BD7617916EA688A00706600 /* ConfirmViewController.m in Sources */,
				2B59E98217038A1600DA82AA /* UIImage+Resize.m in Sources */,
				2B67237E1710A3670062513B /* UIBezierPath-Points.m in Sources */,
				2B53A42217337A8D0091A74D /* PointsView.m in Sources */,
				2B4D72EF177961E900B6057F /* ImagePreviewViewController.m in Sources */,
				2B4D72F31779650500B6057F /* goToImageViewSegue.m in Sources */,
				2B4D72F6177975F900B6057F /* FacePoint.m in Sources */,
				2B4D72F91779763C00B6057F /* AVCamCaptureManager.m in Sources */,
				2B4D730B177A02F600B6057F /* OverlayView.m in Sources */,
				2B4D7310177A067100B6057F /* CustomFacesViewController.m in Sources */,
				2BAC73BD1781525E004D227F /* goBackToCameraView.m in Sources */,
				2BAE96FB1781FCDF002FCAB9 /* goBackToCustomFaces.m in Sources */,
				2B1EBA5A1789002300A30B8B /* NewContainerViewController.m in Sources */,
				2B1EBA641789E4B700A30B8B /* UIColor+StickyFacesColors.m in Sources */,
				2BAB8BC117908B86009B8A67 /* TabButton.m in Sources */,
				2BDBEB52179EFF0700A756B5 /* goToEditViewSegue.m in Sources */,
				2BB0B98D17A4DE04006D04B1 /* CustomDataModel.m in Sources */,
				2BA22FD417AEC664005AD875 /* FlashCheckView.m in Sources */,
				2B9D172A17AF03A5003B7B7E /* SIAlertView.m in Sources */,
				2BBAAD3617B340440018FDA4 /* CustomFaceCell.m in Sources */,
				2BBAAD3917B360640018FDA4 /* V9Layout.m in Sources */,
				2BF2400117BD4C940047099D /* AddFaceCell.m in Sources */,
				2BF2400817BEBD580047099D /* NoFacesView.m in Sources */,
				2B2445CC17C4876C006D59EE /* NoFavoritesView.m in Sources */,
			);
			runOnlyForDeploymentPostprocessing = 0;
		};
/* End PBXSourcesBuildPhase section */

/* Begin PBXVariantGroup section */
		2BA644F314F3006A00292BFD /* InfoPlist.strings */ = {
			isa = PBXVariantGroup;
			children = (
				2BA644F414F3006A00292BFD /* en */,
			);
			name = InfoPlist.strings;
			sourceTree = "<group>";
		};
/* End PBXVariantGroup section */

/* Begin XCBuildConfiguration section */
		2BA6450214F3006A00292BFD /* Debug */ = {
			isa = XCBuildConfiguration;
			buildSettings = {
				ALWAYS_SEARCH_USER_PATHS = NO;
				ARCHS = "$(ARCHS_STANDARD_32_BIT)";
				CLANG_ENABLE_OBJC_ARC = YES;
				CLANG_WARN_CONSTANT_CONVERSION = YES;
				CLANG_WARN_ENUM_CONVERSION = YES;
				CLANG_WARN_INT_CONVERSION = YES;
				CLANG_WARN__DUPLICATE_METHOD_MATCH = YES;
				CODE_SIGN_IDENTITY = "iPhone Developer: Daniel Rakhamimov (AH9QY274TH)";
				"CODE_SIGN_IDENTITY[sdk=iphoneos*]" = "iPhone Developer: Daniel Rakhamimov (AH9QY274TH)";
				COPY_PHASE_STRIP = NO;
				GCC_C_LANGUAGE_STANDARD = gnu99;
				GCC_DYNAMIC_NO_PIC = NO;
				GCC_OPTIMIZATION_LEVEL = 0;
				GCC_PREPROCESSOR_DEFINITIONS = (
					"DEBUG=1",
					"$(inherited)",
				);
				GCC_SYMBOLS_PRIVATE_EXTERN = NO;
				GCC_VERSION = com.apple.compilers.llvm.clang.1_0;
				GCC_WARN_ABOUT_MISSING_PROTOTYPES = YES;
				GCC_WARN_ABOUT_RETURN_TYPE = YES;
				GCC_WARN_UNINITIALIZED_AUTOS = YES;
				GCC_WARN_UNUSED_VARIABLE = YES;
				IPHONEOS_DEPLOYMENT_TARGET = 7.0;
				PROVISIONING_PROFILE = "BC987CB9-C465-446B-B88F-5E50584F5CDD";
				"PROVISIONING_PROFILE[sdk=iphoneos*]" = "37607C41-CF42-4DE7-B81D-6FA474CA061F";
				SDKROOT = iphoneos;
			};
			name = Debug;
		};
		2BA6450314F3006A00292BFD /* Release */ = {
			isa = XCBuildConfiguration;
			buildSettings = {
				ALWAYS_SEARCH_USER_PATHS = NO;
				ARCHS = "$(ARCHS_STANDARD_32_BIT)";
				CLANG_ENABLE_OBJC_ARC = YES;
				CLANG_WARN_CONSTANT_CONVERSION = YES;
				CLANG_WARN_ENUM_CONVERSION = YES;
				CLANG_WARN_INT_CONVERSION = YES;
				CLANG_WARN__DUPLICATE_METHOD_MATCH = YES;
				CODE_SIGN_IDENTITY = "iPhone Developer: Daniel Rakhamimov (AH9QY274TH)";
				"CODE_SIGN_IDENTITY[sdk=iphoneos*]" = "iPhone Developer: Daniel Rakhamimov (AH9QY274TH)";
				COPY_PHASE_STRIP = YES;
				GCC_C_LANGUAGE_STANDARD = gnu99;
				GCC_VERSION = com.apple.compilers.llvm.clang.1_0;
				GCC_WARN_ABOUT_MISSING_PROTOTYPES = YES;
				GCC_WARN_ABOUT_RETURN_TYPE = YES;
				GCC_WARN_UNINITIALIZED_AUTOS = YES;
				GCC_WARN_UNUSED_VARIABLE = YES;
				IPHONEOS_DEPLOYMENT_TARGET = 7.0;
				OTHER_CFLAGS = "-DNS_BLOCK_ASSERTIONS=1";
				PROVISIONING_PROFILE = "BC987CB9-C465-446B-B88F-5E50584F5CDD";
				"PROVISIONING_PROFILE[sdk=iphoneos*]" = "37607C41-CF42-4DE7-B81D-6FA474CA061F";
				SDKROOT = iphoneos;
				VALIDATE_PRODUCT = YES;
			};
			name = Release;
		};
		2BA6450514F3006A00292BFD /* Debug */ = {
			isa = XCBuildConfiguration;
			buildSettings = {
				ARCHS = "$(ARCHS_STANDARD_32_BIT)";
				ASSETCATALOG_COMPILER_APPICON_NAME = AppIcon;
				ASSETCATALOG_COMPILER_LAUNCHIMAGE_NAME = LaunchImage;
				CODE_SIGN_IDENTITY = "iPhone Developer";
				"CODE_SIGN_IDENTITY[sdk=iphoneos*]" = "iPhone Developer";
				COMPRESS_PNG_FILES = NO;
				GCC_PRECOMPILE_PREFIX_HEADER = YES;
				GCC_PREFIX_HEADER = "StickyFaces/StickyFaces-Prefix.pch";
				GCC_THUMB_SUPPORT = NO;
				INFOPLIST_FILE = "StickyFaces/StickyFaces-Info.plist";
				IPHONEOS_DEPLOYMENT_TARGET = 7.0;
				ONLY_ACTIVE_ARCH = NO;
				PRODUCT_NAME = "$(TARGET_NAME)";
				PROVISIONING_PROFILE = "";
				"PROVISIONING_PROFILE[sdk=iphoneos*]" = "";
				WRAPPER_EXTENSION = app;
			};
			name = Debug;
		};
		2BA6450614F3006A00292BFD /* Release */ = {
			isa = XCBuildConfiguration;
			buildSettings = {
				ARCHS = "$(ARCHS_STANDARD_32_BIT)";
				ASSETCATALOG_COMPILER_APPICON_NAME = AppIcon;
				ASSETCATALOG_COMPILER_LAUNCHIMAGE_NAME = LaunchImage;
				CODE_SIGN_IDENTITY = "iPhone Developer";
				"CODE_SIGN_IDENTITY[sdk=iphoneos*]" = "iPhone Developer";
				COMPRESS_PNG_FILES = NO;
				GCC_PRECOMPILE_PREFIX_HEADER = YES;
				GCC_PREFIX_HEADER = "StickyFaces/StickyFaces-Prefix.pch";
				GCC_THUMB_SUPPORT = NO;
				INFOPLIST_FILE = "StickyFaces/StickyFaces-Info.plist";
				IPHONEOS_DEPLOYMENT_TARGET = 7.0;
				ONLY_ACTIVE_ARCH = NO;
				PRODUCT_NAME = "$(TARGET_NAME)";
				PROVISIONING_PROFILE = "";
				"PROVISIONING_PROFILE[sdk=iphoneos*]" = "";
				WRAPPER_EXTENSION = app;
			};
			name = Release;
		};
/* End XCBuildConfiguration section */

/* Begin XCConfigurationList section */
		2BA644E014F3006A00292BFD /* Build configuration list for PBXProject "StickyFaces" */ = {
			isa = XCConfigurationList;
			buildConfigurations = (
				2BA6450214F3006A00292BFD /* Debug */,
				2BA6450314F3006A00292BFD /* Release */,
			);
			defaultConfigurationIsVisible = 0;
			defaultConfigurationName = Release;
		};
		2BA6450414F3006A00292BFD /* Build configuration list for PBXNativeTarget "StickyFaces" */ = {
			isa = XCConfigurationList;
			buildConfigurations = (
				2BA6450514F3006A00292BFD /* Debug */,
				2BA6450614F3006A00292BFD /* Release */,
			);
			defaultConfigurationIsVisible = 0;
			defaultConfigurationName = Release;
		};
/* End XCConfigurationList section */
	};
	rootObject = 2BA644DD14F3006A00292BFD /* Project object */;
}
